
Microsoft Visual Studio Solution File, Format Version 12.00
# Visual Studio Version 17
VisualStudioVersion = 17.5.33530.505
MinimumVisualStudioVersion = 10.0.40219.1
Project("{FAE04EC0-301F-11D3-BF4B-00C04F79EFBC}") = "Interview", "Interview\Interview.csproj", "{19CAB424-DEDC-4374-8992-5541A910DF1B}"
EndProject
Global
	GlobalSection(SolutionConfigurationPlatforms) = preSolution
		Debug|Any CPU = Debug|Any CPU
		Release|Any CPU = Release|Any CPU
	EndGlobalSection
	GlobalSection(ProjectConfigurationPlatforms) = postSolution
		{19CAB424-DEDC-4374-8992-5541A910DF1B}.Debug|Any CPU.ActiveCfg = Debug|Any CPU
		{19CAB424-DEDC-4374-8992-5541A910DF1B}.Debug|Any CPU.Build.0 = Debug|Any CPU
		{19CAB424-DEDC-4374-8992-5541A910DF1B}.Release|Any CPU.ActiveCfg = Release|Any CPU
		{19CAB424-DEDC-4374-8992-5541A910DF1B}.Release|Any CPU.Build.0 = Release|Any CPU
	EndGlobalSection
	GlobalSection(SolutionProperties) = preSolution
		HideSolutionNode = FALSE
	EndGlobalSection
	GlobalSection(ExtensibilityGlobals) = postSolution
		SolutionGuid = {74367CC0-EBFB-498F-8D21-2004AB4C11B4}
	EndGlobalSection
EndGlobal
